// !$*UTF8*$!
{
	archiveVersion = 1;
	classes = {
	};
	objectVersion = 56;
	objects = {

/* Begin PBXBuildFile section */
		056155E6B6E0FC6C14671D8F /* Pods_AppTouchTask_AppTouchTaskUITests.framework in Frameworks */ = {isa = PBXBuildFile; fileRef = 2331AD60A6890E1B51FCA8CA /* Pods_AppTouchTask_AppTouchTaskUITests.framework */; };
		1BC20DC89FA6167D7FD28D4E /* Pods_AppTouchTaskTests.framework in Frameworks */ = {isa = PBXBuildFile; fileRef = CECBB8A43B50DD05EFB9889B /* Pods_AppTouchTaskTests.framework */; };
		5A346DE104B9C4670D5797B1 /* Pods_AppTouchTask.framework in Frameworks */ = {isa = PBXBuildFile; fileRef = C4B17A8A2BDF29D6555F24FF /* Pods_AppTouchTask.framework */; };
		83437CCA29460DAC00062FDB /* AppDelegate.swift in Sources */ = {isa = PBXBuildFile; fileRef = 83437CC929460DAC00062FDB /* AppDelegate.swift */; };
		83437CCC29460DAC00062FDB /* SceneDelegate.swift in Sources */ = {isa = PBXBuildFile; fileRef = 83437CCB29460DAC00062FDB /* SceneDelegate.swift */; };
		83437CCE29460DAC00062FDB /* HomeViewController.swift in Sources */ = {isa = PBXBuildFile; fileRef = 83437CCD29460DAC00062FDB /* HomeViewController.swift */; };
		83437CD129460DAC00062FDB /* Main.storyboard in Resources */ = {isa = PBXBuildFile; fileRef = 83437CCF29460DAC00062FDB /* Main.storyboard */; };
		83437CD329460DAE00062FDB /* Assets.xcassets in Resources */ = {isa = PBXBuildFile; fileRef = 83437CD229460DAE00062FDB /* Assets.xcassets */; };
		83437CD629460DAE00062FDB /* LaunchScreen.storyboard in Resources */ = {isa = PBXBuildFile; fileRef = 83437CD429460DAE00062FDB /* LaunchScreen.storyboard */; };
		83437CE129460DAE00062FDB /* AppTouchTaskTests.swift in Sources */ = {isa = PBXBuildFile; fileRef = 83437CE029460DAE00062FDB /* AppTouchTaskTests.swift */; };
		83437CEB29460DAE00062FDB /* AppTouchTaskUITests.swift in Sources */ = {isa = PBXBuildFile; fileRef = 83437CEA29460DAE00062FDB /* AppTouchTaskUITests.swift */; };
		83437CED29460DAE00062FDB /* AppTouchTaskUITestsLaunchTests.swift in Sources */ = {isa = PBXBuildFile; fileRef = 83437CEC29460DAE00062FDB /* AppTouchTaskUITestsLaunchTests.swift */; };
		83437CFC2946173C00062FDB /* RestAPI.swift in Sources */ = {isa = PBXBuildFile; fileRef = 83437CFB2946173C00062FDB /* RestAPI.swift */; };
		836A096629495D5400A5E255 /* FilterVC.swift in Sources */ = {isa = PBXBuildFile; fileRef = 836A096529495D5400A5E255 /* FilterVC.swift */; };
		836A096829495E5B00A5E255 /* Enumeration.swift in Sources */ = {isa = PBXBuildFile; fileRef = 836A096729495E5B00A5E255 /* Enumeration.swift */; };
		836A096C294960FA00A5E255 /* Extension.swift in Sources */ = {isa = PBXBuildFile; fileRef = 836A096B294960FA00A5E255 /* Extension.swift */; };
		836A096F294970D000A5E255 /* MonthYearWheelPicker in Frameworks */ = {isa = PBXBuildFile; productRef = 836A096E294970D000A5E255 /* MonthYearWheelPicker */; };
		836B59F829461D3600129B0F /* SDWebImage in Frameworks */ = {isa = PBXBuildFile; productRef = 836B59F729461D3600129B0F /* SDWebImage */; };
		836B59FA29461D3600129B0F /* SDWebImageMapKit in Frameworks */ = {isa = PBXBuildFile; productRef = 836B59F929461D3600129B0F /* SDWebImageMapKit */; };
		836B59FE294622CC00129B0F /* Company.swift in Sources */ = {isa = PBXBuildFile; fileRef = 836B59FD294622CC00129B0F /* Company.swift */; };
		836B5A012947990400129B0F /* Utils.swift in Sources */ = {isa = PBXBuildFile; fileRef = 836B5A002947990400129B0F /* Utils.swift */; };
		836B5A0429479B2200129B0F /* MBProgressHUD in Frameworks */ = {isa = PBXBuildFile; productRef = 836B5A0329479B2200129B0F /* MBProgressHUD */; };
		836B5A0B2948333B00129B0F /* CompanyTVC.swift in Sources */ = {isa = PBXBuildFile; fileRef = 836B5A092948333B00129B0F /* CompanyTVC.swift */; };
		836B5A0C2948333B00129B0F /* CompanyTVC.xib in Resources */ = {isa = PBXBuildFile; fileRef = 836B5A0A2948333B00129B0F /* CompanyTVC.xib */; };
		836B5A102948336000129B0F /* LaunchesTVC.swift in Sources */ = {isa = PBXBuildFile; fileRef = 836B5A0E2948336000129B0F /* LaunchesTVC.swift */; };
		836B5A112948336000129B0F /* LaunchesTVC.xib in Resources */ = {isa = PBXBuildFile; fileRef = 836B5A0F2948336000129B0F /* LaunchesTVC.xib */; };
		836B5A172948413700129B0F /* Alamofire in Frameworks */ = {isa = PBXBuildFile; productRef = 836B5A162948413700129B0F /* Alamofire */; };
		836B5A1A2948521A00129B0F /* Launches.swift in Sources */ = {isa = PBXBuildFile; fileRef = 836B5A192948521A00129B0F /* Launches.swift */; };
/* End PBXBuildFile section */

/* Begin PBXContainerItemProxy section */
		83437CDD29460DAE00062FDB /* PBXContainerItemProxy */ = {
			isa = PBXContainerItemProxy;
			containerPortal = 83437CBE29460DAC00062FDB /* Project object */;
			proxyType = 1;
			remoteGlobalIDString = 83437CC529460DAC00062FDB;
			remoteInfo = AppTouchTask;
		};
		83437CE729460DAE00062FDB /* PBXContainerItemProxy */ = {
			isa = PBXContainerItemProxy;
			containerPortal = 83437CBE29460DAC00062FDB /* Project object */;
			proxyType = 1;
			remoteGlobalIDString = 83437CC529460DAC00062FDB;
			remoteInfo = AppTouchTask;
		};
/* End PBXContainerItemProxy section */

/* Begin PBXFileReference section */
		2331AD60A6890E1B51FCA8CA /* Pods_AppTouchTask_AppTouchTaskUITests.framework */ = {isa = PBXFileReference; explicitFileType = wrapper.framework; includeInIndex = 0; path = Pods_AppTouchTask_AppTouchTaskUITests.framework; sourceTree = BUILT_PRODUCTS_DIR; };
		288A19A9E1B2A9AC93036FFE /* Pods-AppTouchTask.release.xcconfig */ = {isa = PBXFileReference; includeInIndex = 1; lastKnownFileType = text.xcconfig; name = "Pods-AppTouchTask.release.xcconfig"; path = "Target Support Files/Pods-AppTouchTask/Pods-AppTouchTask.release.xcconfig"; sourceTree = "<group>"; };
		4355B9B211C6B9C17E713AF8 /* Pods-AppTouchTask.debug.xcconfig */ = {isa = PBXFileReference; includeInIndex = 1; lastKnownFileType = text.xcconfig; name = "Pods-AppTouchTask.debug.xcconfig"; path = "Target Support Files/Pods-AppTouchTask/Pods-AppTouchTask.debug.xcconfig"; sourceTree = "<group>"; };
		5E3A4A96F60CF78E7A529525 /* Pods-AppTouchTaskTests.release.xcconfig */ = {isa = PBXFileReference; includeInIndex = 1; lastKnownFileType = text.xcconfig; name = "Pods-AppTouchTaskTests.release.xcconfig"; path = "Target Support Files/Pods-AppTouchTaskTests/Pods-AppTouchTaskTests.release.xcconfig"; sourceTree = "<group>"; };
		83437CC629460DAC00062FDB /* AppTouchTask.app */ = {isa = PBXFileReference; explicitFileType = wrapper.application; includeInIndex = 0; path = AppTouchTask.app; sourceTree = BUILT_PRODUCTS_DIR; };
		83437CC929460DAC00062FDB /* AppDelegate.swift */ = {isa = PBXFileReference; lastKnownFileType = sourcecode.swift; path = AppDelegate.swift; sourceTree = "<group>"; };
		83437CCB29460DAC00062FDB /* SceneDelegate.swift */ = {isa = PBXFileReference; lastKnownFileType = sourcecode.swift; path = SceneDelegate.swift; sourceTree = "<group>"; };
		83437CCD29460DAC00062FDB /* HomeViewController.swift */ = {isa = PBXFileReference; lastKnownFileType = sourcecode.swift; path = HomeViewController.swift; sourceTree = "<group>"; };
		83437CD029460DAC00062FDB /* Base */ = {isa = PBXFileReference; lastKnownFileType = file.storyboard; name = Base; path = Base.lproj/Main.storyboard; sourceTree = "<group>"; };
		83437CD229460DAE00062FDB /* Assets.xcassets */ = {isa = PBXFileReference; lastKnownFileType = folder.assetcatalog; path = Assets.xcassets; sourceTree = "<group>"; };
		83437CD529460DAE00062FDB /* Base */ = {isa = PBXFileReference; lastKnownFileType = file.storyboard; name = Base; path = Base.lproj/LaunchScreen.storyboard; sourceTree = "<group>"; };
		83437CD729460DAE00062FDB /* Info.plist */ = {isa = PBXFileReference; lastKnownFileType = text.plist.xml; path = Info.plist; sourceTree = "<group>"; };
		83437CDC29460DAE00062FDB /* AppTouchTaskTests.xctest */ = {isa = PBXFileReference; explicitFileType = wrapper.cfbundle; includeInIndex = 0; path = AppTouchTaskTests.xctest; sourceTree = BUILT_PRODUCTS_DIR; };
		83437CE029460DAE00062FDB /* AppTouchTaskTests.swift */ = {isa = PBXFileReference; lastKnownFileType = sourcecode.swift; path = AppTouchTaskTests.swift; sourceTree = "<group>"; };
		83437CE629460DAE00062FDB /* AppTouchTaskUITests.xctest */ = {isa = PBXFileReference; explicitFileType = wrapper.cfbundle; includeInIndex = 0; path = AppTouchTaskUITests.xctest; sourceTree = BUILT_PRODUCTS_DIR; };
		83437CEA29460DAE00062FDB /* AppTouchTaskUITests.swift */ = {isa = PBXFileReference; lastKnownFileType = sourcecode.swift; path = AppTouchTaskUITests.swift; sourceTree = "<group>"; };
		83437CEC29460DAE00062FDB /* AppTouchTaskUITestsLaunchTests.swift */ = {isa = PBXFileReference; lastKnownFileType = sourcecode.swift; path = AppTouchTaskUITestsLaunchTests.swift; sourceTree = "<group>"; };
		83437CFB2946173C00062FDB /* RestAPI.swift */ = {isa = PBXFileReference; lastKnownFileType = sourcecode.swift; path = RestAPI.swift; sourceTree = "<group>"; };
		836A096529495D5400A5E255 /* FilterVC.swift */ = {isa = PBXFileReference; lastKnownFileType = sourcecode.swift; path = FilterVC.swift; sourceTree = "<group>"; };
		836A096729495E5B00A5E255 /* Enumeration.swift */ = {isa = PBXFileReference; lastKnownFileType = sourcecode.swift; path = Enumeration.swift; sourceTree = "<group>"; };
		836A096B294960FA00A5E255 /* Extension.swift */ = {isa = PBXFileReference; lastKnownFileType = sourcecode.swift; path = Extension.swift; sourceTree = "<group>"; };
		836B59FD294622CC00129B0F /* Company.swift */ = {isa = PBXFileReference; lastKnownFileType = sourcecode.swift; path = Company.swift; sourceTree = "<group>"; };
		836B5A002947990400129B0F /* Utils.swift */ = {isa = PBXFileReference; lastKnownFileType = sourcecode.swift; path = Utils.swift; sourceTree = "<group>"; };
		836B5A092948333B00129B0F /* CompanyTVC.swift */ = {isa = PBXFileReference; lastKnownFileType = sourcecode.swift; path = CompanyTVC.swift; sourceTree = "<group>"; };
		836B5A0A2948333B00129B0F /* CompanyTVC.xib */ = {isa = PBXFileReference; lastKnownFileType = file.xib; path = CompanyTVC.xib; sourceTree = "<group>"; };
		836B5A0E2948336000129B0F /* LaunchesTVC.swift */ = {isa = PBXFileReference; lastKnownFileType = sourcecode.swift; path = LaunchesTVC.swift; sourceTree = "<group>"; };
		836B5A0F2948336000129B0F /* LaunchesTVC.xib */ = {isa = PBXFileReference; lastKnownFileType = file.xib; path = LaunchesTVC.xib; sourceTree = "<group>"; };
		836B5A192948521A00129B0F /* Launches.swift */ = {isa = PBXFileReference; lastKnownFileType = sourcecode.swift; path = Launches.swift; sourceTree = "<group>"; };
		B400CE694DBFAF7F398FF7C9 /* Pods-AppTouchTask-AppTouchTaskUITests.debug.xcconfig */ = {isa = PBXFileReference; includeInIndex = 1; lastKnownFileType = text.xcconfig; name = "Pods-AppTouchTask-AppTouchTaskUITests.debug.xcconfig"; path = "Target Support Files/Pods-AppTouchTask-AppTouchTaskUITests/Pods-AppTouchTask-AppTouchTaskUITests.debug.xcconfig"; sourceTree = "<group>"; };
		BEB7A67643F367F9E57273F4 /* Pods-AppTouchTaskTests.debug.xcconfig */ = {isa = PBXFileReference; includeInIndex = 1; lastKnownFileType = text.xcconfig; name = "Pods-AppTouchTaskTests.debug.xcconfig"; path = "Target Support Files/Pods-AppTouchTaskTests/Pods-AppTouchTaskTests.debug.xcconfig"; sourceTree = "<group>"; };
		C4B17A8A2BDF29D6555F24FF /* Pods_AppTouchTask.framework */ = {isa = PBXFileReference; explicitFileType = wrapper.framework; includeInIndex = 0; path = Pods_AppTouchTask.framework; sourceTree = BUILT_PRODUCTS_DIR; };
		C555D853A2CBED2DBD545E27 /* Pods-AppTouchTask-AppTouchTaskUITests.release.xcconfig */ = {isa = PBXFileReference; includeInIndex = 1; lastKnownFileType = text.xcconfig; name = "Pods-AppTouchTask-AppTouchTaskUITests.release.xcconfig"; path = "Target Support Files/Pods-AppTouchTask-AppTouchTaskUITests/Pods-AppTouchTask-AppTouchTaskUITests.release.xcconfig"; sourceTree = "<group>"; };
		CECBB8A43B50DD05EFB9889B /* Pods_AppTouchTaskTests.framework */ = {isa = PBXFileReference; explicitFileType = wrapper.framework; includeInIndex = 0; path = Pods_AppTouchTaskTests.framework; sourceTree = BUILT_PRODUCTS_DIR; };
/* End PBXFileReference section */

/* Begin PBXFrameworksBuildPhase section */
		83437CC329460DAC00062FDB /* Frameworks */ = {
			isa = PBXFrameworksBuildPhase;
			buildActionMask = 2147483647;
			files = (
				836A096F294970D000A5E255 /* MonthYearWheelPicker in Frameworks */,
				836B5A172948413700129B0F /* Alamofire in Frameworks */,
				836B59F829461D3600129B0F /* SDWebImage in Frameworks */,
				5A346DE104B9C4670D5797B1 /* Pods_AppTouchTask.framework in Frameworks */,
				836B5A0429479B2200129B0F /* MBProgressHUD in Frameworks */,
				836B59FA29461D3600129B0F /* SDWebImageMapKit in Frameworks */,
			);
			runOnlyForDeploymentPostprocessing = 0;
		};
		83437CD929460DAE00062FDB /* Frameworks */ = {
			isa = PBXFrameworksBuildPhase;
			buildActionMask = 2147483647;
			files = (
				1BC20DC89FA6167D7FD28D4E /* Pods_AppTouchTaskTests.framework in Frameworks */,
			);
			runOnlyForDeploymentPostprocessing = 0;
		};
		83437CE329460DAE00062FDB /* Frameworks */ = {
			isa = PBXFrameworksBuildPhase;
			buildActionMask = 2147483647;
			files = (
				056155E6B6E0FC6C14671D8F /* Pods_AppTouchTask_AppTouchTaskUITests.framework in Frameworks */,
			);
			runOnlyForDeploymentPostprocessing = 0;
		};
/* End PBXFrameworksBuildPhase section */

/* Begin PBXGroup section */
		16F3893FC033AA50008AE315 /* Pods */ = {
			isa = PBXGroup;
			children = (
				4355B9B211C6B9C17E713AF8 /* Pods-AppTouchTask.debug.xcconfig */,
				288A19A9E1B2A9AC93036FFE /* Pods-AppTouchTask.release.xcconfig */,
				B400CE694DBFAF7F398FF7C9 /* Pods-AppTouchTask-AppTouchTaskUITests.debug.xcconfig */,
				C555D853A2CBED2DBD545E27 /* Pods-AppTouchTask-AppTouchTaskUITests.release.xcconfig */,
				BEB7A67643F367F9E57273F4 /* Pods-AppTouchTaskTests.debug.xcconfig */,
				5E3A4A96F60CF78E7A529525 /* Pods-AppTouchTaskTests.release.xcconfig */,
			);
			path = Pods;
			sourceTree = "<group>";
		};
		4CF7FC90106A8234917756DA /* Frameworks */ = {
			isa = PBXGroup;
			children = (
				C4B17A8A2BDF29D6555F24FF /* Pods_AppTouchTask.framework */,
				2331AD60A6890E1B51FCA8CA /* Pods_AppTouchTask_AppTouchTaskUITests.framework */,
				CECBB8A43B50DD05EFB9889B /* Pods_AppTouchTaskTests.framework */,
			);
			name = Frameworks;
			sourceTree = "<group>";
		};
		83437CBD29460DAC00062FDB = {
			isa = PBXGroup;
			children = (
				83437CC829460DAC00062FDB /* AppTouchTask */,
				83437CDF29460DAE00062FDB /* AppTouchTaskTests */,
				83437CE929460DAE00062FDB /* AppTouchTaskUITests */,
				83437CC729460DAC00062FDB /* Products */,
				16F3893FC033AA50008AE315 /* Pods */,
				4CF7FC90106A8234917756DA /* Frameworks */,
			);
			sourceTree = "<group>";
		};
		83437CC729460DAC00062FDB /* Products */ = {
			isa = PBXGroup;
			children = (
				83437CC629460DAC00062FDB /* AppTouchTask.app */,
				83437CDC29460DAE00062FDB /* AppTouchTaskTests.xctest */,
				83437CE629460DAE00062FDB /* AppTouchTaskUITests.xctest */,
			);
			name = Products;
			sourceTree = "<group>";
		};
		83437CC829460DAC00062FDB /* AppTouchTask */ = {
			isa = PBXGroup;
			children = (
				83437CF9294612B500062FDB /* ViewControllers */,
				836A096A29495F6C00A5E255 /* Storyboard */,
				836A096929495F4B00A5E255 /* Helpers */,
				836B5A052948323900129B0F /* Xib */,
				836B59FF2947985000129B0F /* Utilities */,
				836B59FC294622AB00129B0F /* Models */,
				83437CFA2946171600062FDB /* Managers */,
				83437CD229460DAE00062FDB /* Assets.xcassets */,
				83437CD729460DAE00062FDB /* Info.plist */,
			);
			path = AppTouchTask;
			sourceTree = "<group>";
		};
		83437CDF29460DAE00062FDB /* AppTouchTaskTests */ = {
			isa = PBXGroup;
			children = (
				83437CE029460DAE00062FDB /* AppTouchTaskTests.swift */,
			);
			path = AppTouchTaskTests;
			sourceTree = "<group>";
		};
		83437CE929460DAE00062FDB /* AppTouchTaskUITests */ = {
			isa = PBXGroup;
			children = (
				83437CEA29460DAE00062FDB /* AppTouchTaskUITests.swift */,
				83437CEC29460DAE00062FDB /* AppTouchTaskUITestsLaunchTests.swift */,
			);
			path = AppTouchTaskUITests;
			sourceTree = "<group>";
		};
		83437CF9294612B500062FDB /* ViewControllers */ = {
			isa = PBXGroup;
			children = (
				83437CCD29460DAC00062FDB /* HomeViewController.swift */,
				836A096529495D5400A5E255 /* FilterVC.swift */,
			);
			path = ViewControllers;
			sourceTree = "<group>";
		};
		83437CFA2946171600062FDB /* Managers */ = {
			isa = PBXGroup;
			children = (
				83437CFB2946173C00062FDB /* RestAPI.swift */,
			);
			path = Managers;
			sourceTree = "<group>";
		};
		836A096929495F4B00A5E255 /* Helpers */ = {
			isa = PBXGroup;
			children = (
				83437CC929460DAC00062FDB /* AppDelegate.swift */,
				836A096729495E5B00A5E255 /* Enumeration.swift */,
				83437CCB29460DAC00062FDB /* SceneDelegate.swift */,
				836A096B294960FA00A5E255 /* Extension.swift */,
			);
			path = Helpers;
			sourceTree = "<group>";
		};
		836A096A29495F6C00A5E255 /* Storyboard */ = {
			isa = PBXGroup;
			children = (
				83437CCF29460DAC00062FDB /* Main.storyboard */,
				83437CD429460DAE00062FDB /* LaunchScreen.storyboard */,
			);
			path = Storyboard;
			sourceTree = "<group>";
		};
		836B59FC294622AB00129B0F /* Models */ = {
			isa = PBXGroup;
			children = (
				836B59FD294622CC00129B0F /* Company.swift */,
				836B5A192948521A00129B0F /* Launches.swift */,
			);
			path = Models;
			sourceTree = "<group>";
		};
		836B59FF2947985000129B0F /* Utilities */ = {
			isa = PBXGroup;
			children = (
				836B5A002947990400129B0F /* Utils.swift */,
			);
			path = Utilities;
			sourceTree = "<group>";
		};
		836B5A052948323900129B0F /* Xib */ = {
			isa = PBXGroup;
			children = (
				836B5A0D2948334100129B0F /* Launches */,
				836B5A062948324900129B0F /* Company */,
			);
			path = Xib;
			sourceTree = "<group>";
		};
		836B5A062948324900129B0F /* Company */ = {
			isa = PBXGroup;
			children = (
				836B5A092948333B00129B0F /* CompanyTVC.swift */,
				836B5A0A2948333B00129B0F /* CompanyTVC.xib */,
			);
			path = Company;
			sourceTree = "<group>";
		};
		836B5A0D2948334100129B0F /* Launches */ = {
			isa = PBXGroup;
			children = (
				836B5A0E2948336000129B0F /* LaunchesTVC.swift */,
				836B5A0F2948336000129B0F /* LaunchesTVC.xib */,
			);
			path = Launches;
			sourceTree = "<group>";
		};
/* End PBXGroup section */

/* Begin PBXNativeTarget section */
		83437CC529460DAC00062FDB /* AppTouchTask */ = {
			isa = PBXNativeTarget;
			buildConfigurationList = 83437CF029460DAE00062FDB /* Build configuration list for PBXNativeTarget "AppTouchTask" */;
			buildPhases = (
				FB4C79C60F5AA85C55F3E640 /* [CP] Check Pods Manifest.lock */,
				83437CC229460DAC00062FDB /* Sources */,
				83437CC329460DAC00062FDB /* Frameworks */,
				83437CC429460DAC00062FDB /* Resources */,
				857FDA490834ED17D071C410 /* [CP] Embed Pods Frameworks */,
			);
			buildRules = (
			);
			dependencies = (
			);
			name = AppTouchTask;
			packageProductDependencies = (
				836B59F729461D3600129B0F /* SDWebImage */,
				836B59F929461D3600129B0F /* SDWebImageMapKit */,
				836B5A0329479B2200129B0F /* MBProgressHUD */,
				836B5A162948413700129B0F /* Alamofire */,
				836A096E294970D000A5E255 /* MonthYearWheelPicker */,
			);
			productName = AppTouchTask;
			productReference = 83437CC629460DAC00062FDB /* AppTouchTask.app */;
			productType = "com.apple.product-type.application";
		};
		83437CDB29460DAE00062FDB /* AppTouchTaskTests */ = {
			isa = PBXNativeTarget;
			buildConfigurationList = 83437CF329460DAE00062FDB /* Build configuration list for PBXNativeTarget "AppTouchTaskTests" */;
			buildPhases = (
				AE1AE560016C37E38E85F468 /* [CP] Check Pods Manifest.lock */,
				83437CD829460DAE00062FDB /* Sources */,
				83437CD929460DAE00062FDB /* Frameworks */,
				83437CDA29460DAE00062FDB /* Resources */,
			);
			buildRules = (
			);
			dependencies = (
				83437CDE29460DAE00062FDB /* PBXTargetDependency */,
			);
			name = AppTouchTaskTests;
			productName = AppTouchTaskTests;
			productReference = 83437CDC29460DAE00062FDB /* AppTouchTaskTests.xctest */;
			productType = "com.apple.product-type.bundle.unit-test";
		};
		83437CE529460DAE00062FDB /* AppTouchTaskUITests */ = {
			isa = PBXNativeTarget;
			buildConfigurationList = 83437CF629460DAE00062FDB /* Build configuration list for PBXNativeTarget "AppTouchTaskUITests" */;
			buildPhases = (
				B752B2F77929339BDA8FB3D4 /* [CP] Check Pods Manifest.lock */,
				83437CE229460DAE00062FDB /* Sources */,
				83437CE329460DAE00062FDB /* Frameworks */,
				83437CE429460DAE00062FDB /* Resources */,
				4C112252A52631DAB7153E1F /* [CP] Embed Pods Frameworks */,
			);
			buildRules = (
			);
			dependencies = (
				83437CE829460DAE00062FDB /* PBXTargetDependency */,
			);
			name = AppTouchTaskUITests;
			productName = AppTouchTaskUITests;
			productReference = 83437CE629460DAE00062FDB /* AppTouchTaskUITests.xctest */;
			productType = "com.apple.product-type.bundle.ui-testing";
		};
/* End PBXNativeTarget section */

/* Begin PBXProject section */
		83437CBE29460DAC00062FDB /* Project object */ = {
			isa = PBXProject;
			attributes = {
				BuildIndependentTargetsInParallel = 1;
				LastSwiftUpdateCheck = 1410;
				LastUpgradeCheck = 1410;
				TargetAttributes = {
					83437CC529460DAC00062FDB = {
						CreatedOnToolsVersion = 14.1;
					};
					83437CDB29460DAE00062FDB = {
						CreatedOnToolsVersion = 14.1;
						TestTargetID = 83437CC529460DAC00062FDB;
					};
					83437CE529460DAE00062FDB = {
						CreatedOnToolsVersion = 14.1;
						TestTargetID = 83437CC529460DAC00062FDB;
					};
				};
			};
			buildConfigurationList = 83437CC129460DAC00062FDB /* Build configuration list for PBXProject "AppTouchTask" */;
			compatibilityVersion = "Xcode 14.0";
			developmentRegion = en;
			hasScannedForEncodings = 0;
			knownRegions = (
				en,
				Base,
			);
			mainGroup = 83437CBD29460DAC00062FDB;
			packageReferences = (
				836B59F629461D3600129B0F /* XCRemoteSwiftPackageReference "SDWebImage" */,
				836B5A0229479B2200129B0F /* XCRemoteSwiftPackageReference "MBProgressHUD" */,
				836B5A152948413700129B0F /* XCRemoteSwiftPackageReference "Alamofire" */,
				836A096D294970D000A5E255 /* XCRemoteSwiftPackageReference "MonthYearWheelPicker" */,
			);
			productRefGroup = 83437CC729460DAC00062FDB /* Products */;
			projectDirPath = "";
			projectRoot = "";
			targets = (
				83437CC529460DAC00062FDB /* AppTouchTask */,
				83437CDB29460DAE00062FDB /* AppTouchTaskTests */,
				83437CE529460DAE00062FDB /* AppTouchTaskUITests */,
			);
		};
/* End PBXProject section */

/* Begin PBXResourcesBuildPhase section */
		83437CC429460DAC00062FDB /* Resources */ = {
			isa = PBXResourcesBuildPhase;
			buildActionMask = 2147483647;
			files = (
				83437CD629460DAE00062FDB /* LaunchScreen.storyboard in Resources */,
				83437CD329460DAE00062FDB /* Assets.xcassets in Resources */,
				83437CD129460DAC00062FDB /* Main.storyboard in Resources */,
				836B5A112948336000129B0F /* LaunchesTVC.xib in Resources */,
				836B5A0C2948333B00129B0F /* CompanyTVC.xib in Resources */,
			);
			runOnlyForDeploymentPostprocessing = 0;
		};
		83437CDA29460DAE00062FDB /* Resources */ = {
			isa = PBXResourcesBuildPhase;
			buildActionMask = 2147483647;
			files = (
			);
			runOnlyForDeploymentPostprocessing = 0;
		};
		83437CE429460DAE00062FDB /* Resources */ = {
			isa = PBXResourcesBuildPhase;
			buildActionMask = 2147483647;
			files = (
			);
			runOnlyForDeploymentPostprocessing = 0;
		};
/* End PBXResourcesBuildPhase section */

/* Begin PBXShellScriptBuildPhase section */
		4C112252A52631DAB7153E1F /* [CP] Embed Pods Frameworks */ = {
			isa = PBXShellScriptBuildPhase;
			buildActionMask = 2147483647;
			files = (
			);
			inputFileListPaths = (
				"${PODS_ROOT}/Target Support Files/Pods-AppTouchTask-AppTouchTaskUITests/Pods-AppTouchTask-AppTouchTaskUITests-frameworks-${CONFIGURATION}-input-files.xcfilelist",
			);
			name = "[CP] Embed Pods Frameworks";
			outputFileListPaths = (
				"${PODS_ROOT}/Target Support Files/Pods-AppTouchTask-AppTouchTaskUITests/Pods-AppTouchTask-AppTouchTaskUITests-frameworks-${CONFIGURATION}-output-files.xcfilelist",
			);
			runOnlyForDeploymentPostprocessing = 0;
			shellPath = /bin/sh;
			shellScript = "\"${PODS_ROOT}/Target Support Files/Pods-AppTouchTask-AppTouchTaskUITests/Pods-AppTouchTask-AppTouchTaskUITests-frameworks.sh\"\n";
			showEnvVarsInLog = 0;
		};
		857FDA490834ED17D071C410 /* [CP] Embed Pods Frameworks */ = {
			isa = PBXShellScriptBuildPhase;
			buildActionMask = 2147483647;
			files = (
			);
			inputFileListPaths = (
				"${PODS_ROOT}/Target Support Files/Pods-AppTouchTask/Pods-AppTouchTask-frameworks-${CONFIGURATION}-input-files.xcfilelist",
			);
			name = "[CP] Embed Pods Frameworks";
			outputFileListPaths = (
				"${PODS_ROOT}/Target Support Files/Pods-AppTouchTask/Pods-AppTouchTask-frameworks-${CONFIGURATION}-output-files.xcfilelist",
			);
			runOnlyForDeploymentPostprocessing = 0;
			shellPath = /bin/sh;
			shellScript = "\"${PODS_ROOT}/Target Support Files/Pods-AppTouchTask/Pods-AppTouchTask-frameworks.sh\"\n";
			showEnvVarsInLog = 0;
		};
		AE1AE560016C37E38E85F468 /* [CP] Check Pods Manifest.lock */ = {
			isa = PBXShellScriptBuildPhase;
			buildActionMask = 2147483647;
			files = (
			);
			inputFileListPaths = (
			);
			inputPaths = (
				"${PODS_PODFILE_DIR_PATH}/Podfile.lock",
				"${PODS_ROOT}/Manifest.lock",
			);
			name = "[CP] Check Pods Manifest.lock";
			outputFileListPaths = (
			);
			outputPaths = (
				"$(DERIVED_FILE_DIR)/Pods-AppTouchTaskTests-checkManifestLockResult.txt",
			);
			runOnlyForDeploymentPostprocessing = 0;
			shellPath = /bin/sh;
			shellScript = "diff \"${PODS_PODFILE_DIR_PATH}/Podfile.lock\" \"${PODS_ROOT}/Manifest.lock\" > /dev/null\nif [ $? != 0 ] ; then\n    # print error to STDERR\n    echo \"error: The sandbox is not in sync with the Podfile.lock. Run 'pod install' or update your CocoaPods installation.\" >&2\n    exit 1\nfi\n# This output is used by Xcode 'outputs' to avoid re-running this script phase.\necho \"SUCCESS\" > \"${SCRIPT_OUTPUT_FILE_0}\"\n";
			showEnvVarsInLog = 0;
		};
		B752B2F77929339BDA8FB3D4 /* [CP] Check Pods Manifest.lock */ = {
			isa = PBXShellScriptBuildPhase;
			buildActionMask = 2147483647;
			files = (
			);
			inputFileListPaths = (
			);
			inputPaths = (
				"${PODS_PODFILE_DIR_PATH}/Podfile.lock",
				"${PODS_ROOT}/Manifest.lock",
			);
			name = "[CP] Check Pods Manifest.lock";
			outputFileListPaths = (
			);
			outputPaths = (
				"$(DERIVED_FILE_DIR)/Pods-AppTouchTask-AppTouchTaskUITests-checkManifestLockResult.txt",
			);
			runOnlyForDeploymentPostprocessing = 0;
			shellPath = /bin/sh;
			shellScript = "diff \"${PODS_PODFILE_DIR_PATH}/Podfile.lock\" \"${PODS_ROOT}/Manifest.lock\" > /dev/null\nif [ $? != 0 ] ; then\n    # print error to STDERR\n    echo \"error: The sandbox is not in sync with the Podfile.lock. Run 'pod install' or update your CocoaPods installation.\" >&2\n    exit 1\nfi\n# This output is used by Xcode 'outputs' to avoid re-running this script phase.\necho \"SUCCESS\" > \"${SCRIPT_OUTPUT_FILE_0}\"\n";
			showEnvVarsInLog = 0;
		};
		FB4C79C60F5AA85C55F3E640 /* [CP] Check Pods Manifest.lock */ = {
			isa = PBXShellScriptBuildPhase;
			buildActionMask = 2147483647;
			files = (
			);
			inputFileListPaths = (
			);
			inputPaths = (
				"${PODS_PODFILE_DIR_PATH}/Podfile.lock",
				"${PODS_ROOT}/Manifest.lock",
			);
			name = "[CP] Check Pods Manifest.lock";
			outputFileListPaths = (
			);
			outputPaths = (
				"$(DERIVED_FILE_DIR)/Pods-AppTouchTask-checkManifestLockResult.txt",
			);
			runOnlyForDeploymentPostprocessing = 0;
			shellPath = /bin/sh;
			shellScript = "diff \"${PODS_PODFILE_DIR_PATH}/Podfile.lock\" \"${PODS_ROOT}/Manifest.lock\" > /dev/null\nif [ $? != 0 ] ; then\n    # print error to STDERR\n    echo \"error: The sandbox is not in sync with the Podfile.lock. Run 'pod install' or update your CocoaPods installation.\" >&2\n    exit 1\nfi\n# This output is used by Xcode 'outputs' to avoid re-running this script phase.\necho \"SUCCESS\" > \"${SCRIPT_OUTPUT_FILE_0}\"\n";
			showEnvVarsInLog = 0;
		};
/* End PBXShellScriptBuildPhase section */

/* Begin PBXSourcesBuildPhase section */
		83437CC229460DAC00062FDB /* Sources */ = {
			isa = PBXSourcesBuildPhase;
			buildActionMask = 2147483647;
			files = (
				836A096629495D5400A5E255 /* FilterVC.swift in Sources */,
				83437CCE29460DAC00062FDB /* HomeViewController.swift in Sources */,
				836B5A1A2948521A00129B0F /* Launches.swift in Sources */,
				836A096C294960FA00A5E255 /* Extension.swift in Sources */,
				83437CFC2946173C00062FDB /* RestAPI.swift in Sources */,
				836B59FE294622CC00129B0F /* Company.swift in Sources */,
				836B5A0B2948333B00129B0F /* CompanyTVC.swift in Sources */,
				836B5A102948336000129B0F /* LaunchesTVC.swift in Sources */,
				83437CCA29460DAC00062FDB /* AppDelegate.swift in Sources */,
				836A096829495E5B00A5E255 /* Enumeration.swift in Sources */,
				83437CCC29460DAC00062FDB /* SceneDelegate.swift in Sources */,
				836B5A012947990400129B0F /* Utils.swift in Sources */,
			);
			runOnlyForDeploymentPostprocessing = 0;
		};
		83437CD829460DAE00062FDB /* Sources */ = {
			isa = PBXSourcesBuildPhase;
			buildActionMask = 2147483647;
			files = (
				83437CE129460DAE00062FDB /* AppTouchTaskTests.swift in Sources */,
			);
			runOnlyForDeploymentPostprocessing = 0;
		};
		83437CE229460DAE00062FDB /* Sources */ = {
			isa = PBXSourcesBuildPhase;
			buildActionMask = 2147483647;
			files = (
				83437CEB29460DAE00062FDB /* AppTouchTaskUITests.swift in Sources */,
				83437CED29460DAE00062FDB /* AppTouchTaskUITestsLaunchTests.swift in Sources */,
			);
			runOnlyForDeploymentPostprocessing = 0;
		};
/* End PBXSourcesBuildPhase section */

/* Begin PBXTargetDependency section */
		83437CDE29460DAE00062FDB /* PBXTargetDependency */ = {
			isa = PBXTargetDependency;
			target = 83437CC529460DAC00062FDB /* AppTouchTask */;
			targetProxy = 83437CDD29460DAE00062FDB /* PBXContainerItemProxy */;
		};
		83437CE829460DAE00062FDB /* PBXTargetDependency */ = {
			isa = PBXTargetDependency;
			target = 83437CC529460DAC00062FDB /* AppTouchTask */;
			targetProxy = 83437CE729460DAE00062FDB /* PBXContainerItemProxy */;
		};
/* End PBXTargetDependency section */

/* Begin PBXVariantGroup section */
		83437CCF29460DAC00062FDB /* Main.storyboard */ = {
			isa = PBXVariantGroup;
			children = (
				83437CD029460DAC00062FDB /* Base */,
			);
			name = Main.storyboard;
			sourceTree = "<group>";
		};
		83437CD429460DAE00062FDB /* LaunchScreen.storyboard */ = {
			isa = PBXVariantGroup;
			children = (
				83437CD529460DAE00062FDB /* Base */,
			);
			name = LaunchScreen.storyboard;
			sourceTree = "<group>";
		};
/* End PBXVariantGroup section */

/* Begin XCBuildConfiguration section */
		83437CEE29460DAE00062FDB /* Debug */ = {
			isa = XCBuildConfiguration;
			buildSettings = {
				ALWAYS_SEARCH_USER_PATHS = NO;
				CLANG_ANALYZER_NONNULL = YES;
				CLANG_ANALYZER_NUMBER_OBJECT_CONVERSION = YES_AGGRESSIVE;
				CLANG_CXX_LANGUAGE_STANDARD = "gnu++20";
				CLANG_ENABLE_MODULES = YES;
				CLANG_ENABLE_OBJC_ARC = YES;
				CLANG_ENABLE_OBJC_WEAK = YES;
				CLANG_WARN_BLOCK_CAPTURE_AUTORELEASING = YES;
				CLANG_WARN_BOOL_CONVERSION = YES;
				CLANG_WARN_COMMA = YES;
				CLANG_WARN_CONSTANT_CONVERSION = YES;
				CLANG_WARN_DEPRECATED_OBJC_IMPLEMENTATIONS = YES;
				CLANG_WARN_DIRECT_OBJC_ISA_USAGE = YES_ERROR;
				CLANG_WARN_DOCUMENTATION_COMMENTS = YES;
				CLANG_WARN_EMPTY_BODY = YES;
				CLANG_WARN_ENUM_CONVERSION = YES;
				CLANG_WARN_INFINITE_RECURSION = YES;
				CLANG_WARN_INT_CONVERSION = YES;
				CLANG_WARN_NON_LITERAL_NULL_CONVERSION = YES;
				CLANG_WARN_OBJC_IMPLICIT_RETAIN_SELF = YES;
				CLANG_WARN_OBJC_LITERAL_CONVERSION = YES;
				CLANG_WARN_OBJC_ROOT_CLASS = YES_ERROR;
				CLANG_WARN_QUOTED_INCLUDE_IN_FRAMEWORK_HEADER = YES;
				CLANG_WARN_RANGE_LOOP_ANALYSIS = YES;
				CLANG_WARN_STRICT_PROTOTYPES = YES;
				CLANG_WARN_SUSPICIOUS_MOVE = YES;
				CLANG_WARN_UNGUARDED_AVAILABILITY = YES_AGGRESSIVE;
				CLANG_WARN_UNREACHABLE_CODE = YES;
				CLANG_WARN__DUPLICATE_METHOD_MATCH = YES;
				COPY_PHASE_STRIP = NO;
				DEBUG_INFORMATION_FORMAT = dwarf;
				ENABLE_STRICT_OBJC_MSGSEND = YES;
				ENABLE_TESTABILITY = YES;
				GCC_C_LANGUAGE_STANDARD = gnu11;
				GCC_DYNAMIC_NO_PIC = NO;
				GCC_NO_COMMON_BLOCKS = YES;
				GCC_OPTIMIZATION_LEVEL = 0;
				GCC_PREPROCESSOR_DEFINITIONS = (
					"DEBUG=1",
					"$(inherited)",
				);
				GCC_WARN_64_TO_32_BIT_CONVERSION = YES;
				GCC_WARN_ABOUT_RETURN_TYPE = YES_ERROR;
				GCC_WARN_UNDECLARED_SELECTOR = YES;
				GCC_WARN_UNINITIALIZED_AUTOS = YES_AGGRESSIVE;
				GCC_WARN_UNUSED_FUNCTION = YES;
				GCC_WARN_UNUSED_VARIABLE = YES;
				IPHONEOS_DEPLOYMENT_TARGET = 16.1;
				MTL_ENABLE_DEBUG_INFO = INCLUDE_SOURCE;
				MTL_FAST_MATH = YES;
				ONLY_ACTIVE_ARCH = YES;
				SDKROOT = iphoneos;
				SWIFT_ACTIVE_COMPILATION_CONDITIONS = DEBUG;
				SWIFT_OPTIMIZATION_LEVEL = "-Onone";
			};
			name = Debug;
		};
		83437CEF29460DAE00062FDB /* Release */ = {
			isa = XCBuildConfiguration;
			buildSettings = {
				ALWAYS_SEARCH_USER_PATHS = NO;
				CLANG_ANALYZER_NONNULL = YES;
				CLANG_ANALYZER_NUMBER_OBJECT_CONVERSION = YES_AGGRESSIVE;
				CLANG_CXX_LANGUAGE_STANDARD = "gnu++20";
				CLANG_ENABLE_MODULES = YES;
				CLANG_ENABLE_OBJC_ARC = YES;
				CLANG_ENABLE_OBJC_WEAK = YES;
				CLANG_WARN_BLOCK_CAPTURE_AUTORELEASING = YES;
				CLANG_WARN_BOOL_CONVERSION = YES;
				CLANG_WARN_COMMA = YES;
				CLANG_WARN_CONSTANT_CONVERSION = YES;
				CLANG_WARN_DEPRECATED_OBJC_IMPLEMENTATIONS = YES;
				CLANG_WARN_DIRECT_OBJC_ISA_USAGE = YES_ERROR;
				CLANG_WARN_DOCUMENTATION_COMMENTS = YES;
				CLANG_WARN_EMPTY_BODY = YES;
				CLANG_WARN_ENUM_CONVERSION = YES;
				CLANG_WARN_INFINITE_RECURSION = YES;
				CLANG_WARN_INT_CONVERSION = YES;
				CLANG_WARN_NON_LITERAL_NULL_CONVERSION = YES;
				CLANG_WARN_OBJC_IMPLICIT_RETAIN_SELF = YES;
				CLANG_WARN_OBJC_LITERAL_CONVERSION = YES;
				CLANG_WARN_OBJC_ROOT_CLASS = YES_ERROR;
				CLANG_WARN_QUOTED_INCLUDE_IN_FRAMEWORK_HEADER = YES;
				CLANG_WARN_RANGE_LOOP_ANALYSIS = YES;
				CLANG_WARN_STRICT_PROTOTYPES = YES;
				CLANG_WARN_SUSPICIOUS_MOVE = YES;
				CLANG_WARN_UNGUARDED_AVAILABILITY = YES_AGGRESSIVE;
				CLANG_WARN_UNREACHABLE_CODE = YES;
				CLANG_WARN__DUPLICATE_METHOD_MATCH = YES;
				COPY_PHASE_STRIP = NO;
				DEBUG_INFORMATION_FORMAT = "dwarf-with-dsym";
				ENABLE_NS_ASSERTIONS = NO;
				ENABLE_STRICT_OBJC_MSGSEND = YES;
				GCC_C_LANGUAGE_STANDARD = gnu11;
				GCC_NO_COMMON_BLOCKS = YES;
				GCC_WARN_64_TO_32_BIT_CONVERSION = YES;
				GCC_WARN_ABOUT_RETURN_TYPE = YES_ERROR;
				GCC_WARN_UNDECLARED_SELECTOR = YES;
				GCC_WARN_UNINITIALIZED_AUTOS = YES_AGGRESSIVE;
				GCC_WARN_UNUSED_FUNCTION = YES;
				GCC_WARN_UNUSED_VARIABLE = YES;
				IPHONEOS_DEPLOYMENT_TARGET = 16.1;
				MTL_ENABLE_DEBUG_INFO = NO;
				MTL_FAST_MATH = YES;
				SDKROOT = iphoneos;
				SWIFT_COMPILATION_MODE = wholemodule;
				SWIFT_OPTIMIZATION_LEVEL = "-O";
				VALIDATE_PRODUCT = YES;
			};
			name = Release;
		};
		83437CF129460DAE00062FDB /* Debug */ = {
			isa = XCBuildConfiguration;
			baseConfigurationReference = 4355B9B211C6B9C17E713AF8 /* Pods-AppTouchTask.debug.xcconfig */;
			buildSettings = {
				ASSETCATALOG_COMPILER_APPICON_NAME = AppIcon;
				ASSETCATALOG_COMPILER_GLOBAL_ACCENT_COLOR_NAME = AccentColor;
				CODE_SIGN_STYLE = Automatic;
				CURRENT_PROJECT_VERSION = 1;
				GENERATE_INFOPLIST_FILE = YES;
				INFOPLIST_FILE = AppTouchTask/Info.plist;
				INFOPLIST_KEY_UIApplicationSupportsIndirectInputEvents = YES;
				INFOPLIST_KEY_UILaunchStoryboardName = LaunchScreen;
				INFOPLIST_KEY_UIMainStoryboardFile = Main;
				INFOPLIST_KEY_UISupportedInterfaceOrientations_iPad = "UIInterfaceOrientationPortrait UIInterfaceOrientationPortraitUpsideDown UIInterfaceOrientationLandscapeLeft UIInterfaceOrientationLandscapeRight";
				INFOPLIST_KEY_UISupportedInterfaceOrientations_iPhone = "UIInterfaceOrientationPortrait UIInterfaceOrientationLandscapeLeft UIInterfaceOrientationLandscapeRight";
				LD_RUNPATH_SEARCH_PATHS = (
					"$(inherited)",
					"@executable_path/Frameworks",
				);
				MARKETING_VERSION = 1.0;
				PRODUCT_BUNDLE_IDENTIFIER = apptouch.task.AppTouchTask;
				PRODUCT_NAME = "$(TARGET_NAME)";
				SUPPORTED_PLATFORMS = "iphoneos iphonesimulator";
				SUPPORTS_MACCATALYST = NO;
				SUPPORTS_MAC_DESIGNED_FOR_IPHONE_IPAD = NO;
				SWIFT_EMIT_LOC_STRINGS = YES;
				SWIFT_VERSION = 5.0;
				TARGETED_DEVICE_FAMILY = 1;
			};
			name = Debug;
		};
		83437CF229460DAE00062FDB /* Release */ = {
			isa = XCBuildConfiguration;
			baseConfigurationReference = 288A19A9E1B2A9AC93036FFE /* Pods-AppTouchTask.release.xcconfig */;
			buildSettings = {
				ASSETCATALOG_COMPILER_APPICON_NAME = AppIcon;
				ASSETCATALOG_COMPILER_GLOBAL_ACCENT_COLOR_NAME = AccentColor;
				CODE_SIGN_STYLE = Automatic;
				CURRENT_PROJECT_VERSION = 1;
				GENERATE_INFOPLIST_FILE = YES;
				INFOPLIST_FILE = AppTouchTask/Info.plist;
				INFOPLIST_KEY_UIApplicationSupportsIndirectInputEvents = YES;
				INFOPLIST_KEY_UILaunchStoryboardName = LaunchScreen;
				INFOPLIST_KEY_UIMainStoryboardFile = Main;
				INFOPLIST_KEY_UISupportedInterfaceOrientations_iPad = "UIInterfaceOrientationPortrait UIInterfaceOrientationPortraitUpsideDown UIInterfaceOrientationLandscapeLeft UIInterfaceOrientationLandscapeRight";
				INFOPLIST_KEY_UISupportedInterfaceOrientations_iPhone = "UIInterfaceOrientationPortrait UIInterfaceOrientationLandscapeLeft UIInterfaceOrientationLandscapeRight";
				LD_RUNPATH_SEARCH_PATHS = (
					"$(inherited)",
					"@executable_path/Frameworks",
				);
				MARKETING_VERSION = 1.0;
				PRODUCT_BUNDLE_IDENTIFIER = apptouch.task.AppTouchTask;
				PRODUCT_NAME = "$(TARGET_NAME)";
				SUPPORTED_PLATFORMS = "iphoneos iphonesimulator";
				SUPPORTS_MACCATALYST = NO;
				SUPPORTS_MAC_DESIGNED_FOR_IPHONE_IPAD = NO;
				SWIFT_EMIT_LOC_STRINGS = YES;
				SWIFT_VERSION = 5.0;
				TARGETED_DEVICE_FAMILY = 1;
			};
			name = Release;
		};
		83437CF429460DAE00062FDB /* Debug */ = {
			isa = XCBuildConfiguration;
			baseConfigurationReference = BEB7A67643F367F9E57273F4 /* Pods-AppTouchTaskTests.debug.xcconfig */;
			buildSettings = {
				ALWAYS_EMBED_SWIFT_STANDARD_LIBRARIES = YES;
				BUNDLE_LOADER = "$(TEST_HOST)";
				CODE_SIGN_STYLE = Automatic;
				CURRENT_PROJECT_VERSION = 1;
				GENERATE_INFOPLIST_FILE = YES;
				IPHONEOS_DEPLOYMENT_TARGET = 16.1;
				MARKETING_VERSION = 1.0;
				PRODUCT_BUNDLE_IDENTIFIER = apptouch.task.AppTouchTaskTests;
				PRODUCT_NAME = "$(TARGET_NAME)";
				SWIFT_EMIT_LOC_STRINGS = NO;
				SWIFT_VERSION = 5.0;
				TARGETED_DEVICE_FAMILY = "1,2";
				TEST_HOST = "$(BUILT_PRODUCTS_DIR)/AppTouchTask.app/$(BUNDLE_EXECUTABLE_FOLDER_PATH)/AppTouchTask";
			};
			name = Debug;
		};
		83437CF529460DAE00062FDB /* Release */ = {
			isa = XCBuildConfiguration;
			baseConfigurationReference = 5E3A4A96F60CF78E7A529525 /* Pods-AppTouchTaskTests.release.xcconfig */;
			buildSettings = {
				ALWAYS_EMBED_SWIFT_STANDARD_LIBRARIES = YES;
				BUNDLE_LOADER = "$(TEST_HOST)";
				CODE_SIGN_STYLE = Automatic;
				CURRENT_PROJECT_VERSION = 1;
				GENERATE_INFOPLIST_FILE = YES;
				IPHONEOS_DEPLOYMENT_TARGET = 16.1;
				MARKETING_VERSION = 1.0;
				PRODUCT_BUNDLE_IDENTIFIER = apptouch.task.AppTouchTaskTests;
				PRODUCT_NAME = "$(TARGET_NAME)";
				SWIFT_EMIT_LOC_STRINGS = NO;
				SWIFT_VERSION = 5.0;
				TARGETED_DEVICE_FAMILY = "1,2";
				TEST_HOST = "$(BUILT_PRODUCTS_DIR)/AppTouchTask.app/$(BUNDLE_EXECUTABLE_FOLDER_PATH)/AppTouchTask";
			};
			name = Release;
		};
		83437CF729460DAE00062FDB /* Debug */ = {
			isa = XCBuildConfiguration;
			baseConfigurationReference = B400CE694DBFAF7F398FF7C9 /* Pods-AppTouchTask-AppTouchTaskUITests.debug.xcconfig */;
			buildSettings = {
				ALWAYS_EMBED_SWIFT_STANDARD_LIBRARIES = YES;
				CODE_SIGN_STYLE = Automatic;
				CURRENT_PROJECT_VERSION = 1;
				GENERATE_INFOPLIST_FILE = YES;
				MARKETING_VERSION = 1.0;
				PRODUCT_BUNDLE_IDENTIFIER = apptouch.task.AppTouchTaskUITests;
				PRODUCT_NAME = "$(TARGET_NAME)";
				SWIFT_EMIT_LOC_STRINGS = NO;
				SWIFT_VERSION = 5.0;
				TARGETED_DEVICE_FAMILY = "1,2";
				TEST_TARGET_NAME = AppTouchTask;
			};
			name = Debug;
		};
		83437CF829460DAE00062FDB /* Release */ = {
			isa = XCBuildConfiguration;
			baseConfigurationReference = C555D853A2CBED2DBD545E27 /* Pods-AppTouchTask-AppTouchTaskUITests.release.xcconfig */;
			buildSettings = {
				ALWAYS_EMBED_SWIFT_STANDARD_LIBRARIES = YES;
				CODE_SIGN_STYLE = Automatic;
				CURRENT_PROJECT_VERSION = 1;
				GENERATE_INFOPLIST_FILE = YES;
				MARKETING_VERSION = 1.0;
				PRODUCT_BUNDLE_IDENTIFIER = apptouch.task.AppTouchTaskUITests;
				PRODUCT_NAME = "$(TARGET_NAME)";
				SWIFT_EMIT_LOC_STRINGS = NO;
				SWIFT_VERSION = 5.0;
				TARGETED_DEVICE_FAMILY = "1,2";
				TEST_TARGET_NAME = AppTouchTask;
			};
			name = Release;
		};
/* End XCBuildConfiguration section */

/* Begin XCConfigurationList section */
		83437CC129460DAC00062FDB /* Build configuration list for PBXProject "AppTouchTask" */ = {
			isa = XCConfigurationList;
			buildConfigurations = (
				83437CEE29460DAE00062FDB /* Debug */,
				83437CEF29460DAE00062FDB /* Release */,
			);
			defaultConfigurationIsVisible = 0;
			defaultConfigurationName = Release;
		};
		83437CF029460DAE00062FDB /* Build configuration list for PBXNativeTarget "AppTouchTask" */ = {
			isa = XCConfigurationList;
			buildConfigurations = (
				83437CF129460DAE00062FDB /* Debug */,
				83437CF229460DAE00062FDB /* Release */,
			);
			defaultConfigurationIsVisible = 0;
			defaultConfigurationName = Release;
		};
		83437CF329460DAE00062FDB /* Build configuration list for PBXNativeTarget "AppTouchTaskTests" */ = {
			isa = XCConfigurationList;
			buildConfigurations = (
				83437CF429460DAE00062FDB /* Debug */,
				83437CF529460DAE00062FDB /* Release */,
			);
			defaultConfigurationIsVisible = 0;
			defaultConfigurationName = Release;
		};
		83437CF629460DAE00062FDB /* Build configuration list for PBXNativeTarget "AppTouchTaskUITests" */ = {
			isa = XCConfigurationList;
			buildConfigurations = (
				83437CF729460DAE00062FDB /* Debug */,
				83437CF829460DAE00062FDB /* Release */,
			);
			defaultConfigurationIsVisible = 0;
			defaultConfigurationName = Release;
		};
/* End XCConfigurationList section */

/* Begin XCRemoteSwiftPackageReference section */
		836A096D294970D000A5E255 /* XCRemoteSwiftPackageReference "MonthYearWheelPicker" */ = {
			isa = XCRemoteSwiftPackageReference;
			repositoryURL = "https://github.com/bendodson/MonthYearWheelPicker.git";
			requirement = {
				kind = upToNextMajorVersion;
				minimumVersion = 1.0.0;
			};
		};
		836B59F629461D3600129B0F /* XCRemoteSwiftPackageReference "SDWebImage" */ = {
			isa = XCRemoteSwiftPackageReference;
			repositoryURL = "https://github.com/SDWebImage/SDWebImage.git";
			requirement = {
				kind = upToNextMajorVersion;
				minimumVersion = 5.0.0;
			};
		};
		836B5A0229479B2200129B0F /* XCRemoteSwiftPackageReference "MBProgressHUD" */ = {
			isa = XCRemoteSwiftPackageReference;
			repositoryURL = "https://github.com/jdg/MBProgressHUD.git";
			requirement = {
				kind = upToNextMajorVersion;
				minimumVersion = 1.0.0;
			};
		};
		836B5A152948413700129B0F /* XCRemoteSwiftPackageReference "Alamofire" */ = {
			isa = XCRemoteSwiftPackageReference;
			repositoryURL = "https://github.com/Alamofire/Alamofire.git";
			requirement = {
				kind = upToNextMajorVersion;
				minimumVersion = 5.0.0;
			};
		};
/* End XCRemoteSwiftPackageReference section */

/* Begin XCSwiftPackageProductDependency section */
		836A096E294970D000A5E255 /* MonthYearWheelPicker */ = {
			isa = XCSwiftPackageProductDependency;
			package = 836A096D294970D000A5E255 /* XCRemoteSwiftPackageReference "MonthYearWheelPicker" */;
			productName = MonthYearWheelPicker;
		};
		836B59F729461D3600129B0F /* SDWebImage */ = {
			isa = XCSwiftPackageProductDependency;
			package = 836B59F629461D3600129B0F /* XCRemoteSwiftPackageReference "SDWebImage" */;
			productName = SDWebImage;
		};
		836B59F929461D3600129B0F /* SDWebImageMapKit */ = {
			isa = XCSwiftPackageProductDependency;
			package = 836B59F629461D3600129B0F /* XCRemoteSwiftPackageReference "SDWebImage" */;
			productName = SDWebImageMapKit;
		};
		836B5A0329479B2200129B0F /* MBProgressHUD */ = {
			isa = XCSwiftPackageProductDependency;
			package = 836B5A0229479B2200129B0F /* XCRemoteSwiftPackageReference "MBProgressHUD" */;
			productName = MBProgressHUD;
		};
		836B5A162948413700129B0F /* Alamofire */ = {
			isa = XCSwiftPackageProductDependency;
			package = 836B5A152948413700129B0F /* XCRemoteSwiftPackageReference "Alamofire" */;
			productName = Alamofire;
		};
/* End XCSwiftPackageProductDependency section */
	};
	rootObject = 83437CBE29460DAC00062FDB /* Project object */;
}
